// !$*UTF8*$!
{
	archiveVersion = 1;
	classes = {
	};
	objectVersion = 46;
	objects = {

/* Begin PBXBuildFile section */
		BE0BD637169BC7CE0023BBBD /* NowPlayingViewController.m in Sources */ = {isa = PBXBuildFile; fileRef = BE0BD636169BC7CE0023BBBD /* NowPlayingViewController.m */; };
		BE0BD63C169BD4640023BBBD /* APIQuery.m in Sources */ = {isa = PBXBuildFile; fileRef = BE0BD63A169BD4640023BBBD /* APIQuery.m */; };
		BE0BD647169E6CB60023BBBD /* EchonestQuery.m in Sources */ = {isa = PBXBuildFile; fileRef = BE0BD646169E6CB60023BBBD /* EchonestQuery.m */; };
		BE0BD64A169E6CC90023BBBD /* YouTubeQuery.m in Sources */ = {isa = PBXBuildFile; fileRef = BE0BD649169E6CC90023BBBD /* YouTubeQuery.m */; };
		BE0BD64D169E6CDF0023BBBD /* RedditQuery.m in Sources */ = {isa = PBXBuildFile; fileRef = BE0BD64C169E6CDF0023BBBD /* RedditQuery.m */; };
		BE0BD650169E6CEB0023BBBD /* GenreQuery.m in Sources */ = {isa = PBXBuildFile; fileRef = BE0BD64F169E6CEB0023BBBD /* GenreQuery.m */; };
		BE24377416A07B28001B214E /* Crashlytics.framework in Frameworks */ = {isa = PBXBuildFile; fileRef = BE24377316A07B28001B214E /* Crashlytics.framework */; };
		BE3E501F16951A8800FFC7A1 /* libTestFlight.a in Frameworks */ = {isa = PBXBuildFile; fileRef = BE3E501D16951A8800FFC7A1 /* libTestFlight.a */; };
		BE3E502216951B8F00FFC7A1 /* libz.dylib in Frameworks */ = {isa = PBXBuildFile; fileRef = BE3E502116951B8F00FFC7A1 /* libz.dylib */; };
		BE50BA8016A376FF00672442 /* AVView.m in Sources */ = {isa = PBXBuildFile; fileRef = BE50BA7F16A376FF00672442 /* AVView.m */; };
		BE50BA8316A385D400672442 /* CoreMedia.framework in Frameworks */ = {isa = PBXBuildFile; fileRef = BE50BA8216A385D400672442 /* CoreMedia.framework */; };
		BE53DEBF169F8A3900D17B02 /* MediaPlayer.framework in Frameworks */ = {isa = PBXBuildFile; fileRef = BE53DEBE169F8A3900D17B02 /* MediaPlayer.framework */; };
		BE53DED4169F905300D17B02 /* NowPlayingCell.m in Sources */ = {isa = PBXBuildFile; fileRef = BE53DED3169F905300D17B02 /* NowPlayingCell.m */; };
		BE53DEDF169FB21D00D17B02 /* LBYouTubeExtractor.m in Sources */ = {isa = PBXBuildFile; fileRef = BE53DEDE169FB21D00D17B02 /* LBYouTubeExtractor.m */; };
		BE53DEE6169FC4C300D17B02 /* NSArray+Shuffle.m in Sources */ = {isa = PBXBuildFile; fileRef = BE53DEE5169FC4C300D17B02 /* NSArray+Shuffle.m */; };
		BE53DEE9169FC60800D17B02 /* MainViewController.m in Sources */ = {isa = PBXBuildFile; fileRef = BE53DEE8169FC60800D17B02 /* MainViewController.m */; };
		BE53DF25169FE8A800D17B02 /* NavigationController.m in Sources */ = {isa = PBXBuildFile; fileRef = BE53DF24169FE8A800D17B02 /* NavigationController.m */; };
		BEA2F86816A0AB6C005E7CC4 /* NSDictionary+objectForKeyList.m in Sources */ = {isa = PBXBuildFile; fileRef = BEA2F86716A0AB6C005E7CC4 /* NSDictionary+objectForKeyList.m */; };
		BEA2F86C16A0BBD1005E7CC4 /* PlaylistManager.m in Sources */ = {isa = PBXBuildFile; fileRef = BEA2F86B16A0BBD1005E7CC4 /* PlaylistManager.m */; };
		BEA2F87716A0E8F4005E7CC4 /* bg-cell-selected@2x.png in Resources */ = {isa = PBXBuildFile; fileRef = BEA2F86E16A0E8F4005E7CC4 /* bg-cell-selected@2x.png */; };
		BEA2F87816A0E8F4005E7CC4 /* bg-cell@2x.png in Resources */ = {isa = PBXBuildFile; fileRef = BEA2F86F16A0E8F4005E7CC4 /* bg-cell@2x.png */; };
		BEA2F87916A0E8F4005E7CC4 /* btn-back@2x.png in Resources */ = {isa = PBXBuildFile; fileRef = BEA2F87016A0E8F4005E7CC4 /* btn-back@2x.png */; };
		BEA2F87A16A0E8F4005E7CC4 /* btn-search@2x.png in Resources */ = {isa = PBXBuildFile; fileRef = BEA2F87116A0E8F4005E7CC4 /* btn-search@2x.png */; };
		BEA2F87B16A0E8F4005E7CC4 /* btn-settings.png in Resources */ = {isa = PBXBuildFile; fileRef = BEA2F87216A0E8F4005E7CC4 /* btn-settings.png */; };
		BEA2F87C16A0E8F4005E7CC4 /* knob@2x.png in Resources */ = {isa = PBXBuildFile; fileRef = BEA2F87316A0E8F4005E7CC4 /* knob@2x.png */; };
		BEA2F87D16A0E8F4005E7CC4 /* nav-bar@2x.png in Resources */ = {isa = PBXBuildFile; fileRef = BEA2F87416A0E8F4005E7CC4 /* nav-bar@2x.png */; };
		BEA2F87E16A0E8F4005E7CC4 /* scrubber-active@2x.png in Resources */ = {isa = PBXBuildFile; fileRef = BEA2F87516A0E8F4005E7CC4 /* scrubber-active@2x.png */; };
		BEA2F87F16A0E8F4005E7CC4 /* scrubber@2x.png in Resources */ = {isa = PBXBuildFile; fileRef = BEA2F87616A0E8F4005E7CC4 /* scrubber@2x.png */; };
		BEA2F88816A0E978005E7CC4 /* bg-cell.png in Resources */ = {isa = PBXBuildFile; fileRef = BEA2F88016A0E978005E7CC4 /* bg-cell.png */; };
		BEA2F88916A0E978005E7CC4 /* btn-back.png in Resources */ = {isa = PBXBuildFile; fileRef = BEA2F88116A0E978005E7CC4 /* btn-back.png */; };
		BEA2F88A16A0E978005E7CC4 /* btn-search.png in Resources */ = {isa = PBXBuildFile; fileRef = BEA2F88216A0E978005E7CC4 /* btn-search.png */; };
		BEA2F88B16A0E978005E7CC4 /* btn-settings@2x.png in Resources */ = {isa = PBXBuildFile; fileRef = BEA2F88316A0E978005E7CC4 /* btn-settings@2x.png */; };
		BEA2F88C16A0E978005E7CC4 /* knob.png in Resources */ = {isa = PBXBuildFile; fileRef = BEA2F88416A0E978005E7CC4 /* knob.png */; };
		BEA2F88D16A0E978005E7CC4 /* nav-bar.png in Resources */ = {isa = PBXBuildFile; fileRef = BEA2F88516A0E978005E7CC4 /* nav-bar.png */; };
		BEA2F88E16A0E978005E7CC4 /* scrubber-active.png in Resources */ = {isa = PBXBuildFile; fileRef = BEA2F88616A0E978005E7CC4 /* scrubber-active.png */; };
		BEA2F88F16A0E978005E7CC4 /* scrubber.png in Resources */ = {isa = PBXBuildFile; fileRef = BEA2F88716A0E978005E7CC4 /* scrubber.png */; };
		BEA2F89216A0FD14005E7CC4 /* NSString+FontAwesome.m in Sources */ = {isa = PBXBuildFile; fileRef = BEA2F89116A0FD14005E7CC4 /* NSString+FontAwesome.m */; };
		BEA2F89416A0FD3A005E7CC4 /* FontAwesome.ttf in Resources */ = {isa = PBXBuildFile; fileRef = BEA2F89316A0FD3A005E7CC4 /* FontAwesome.ttf */; };
		BEA2F89716A0FDB4005E7CC4 /* PT_Sans-Web-Bold.ttf in Resources */ = {isa = PBXBuildFile; fileRef = BEA2F89516A0FDB4005E7CC4 /* PT_Sans-Web-Bold.ttf */; };
		BEA2F89816A0FDB4005E7CC4 /* PT_Sans-Web-Regular.ttf in Resources */ = {isa = PBXBuildFile; fileRef = BEA2F89616A0FDB4005E7CC4 /* PT_Sans-Web-Regular.ttf */; };
		BEA2F89C16A0FEEF005E7CC4 /* UIFont+Additions.m in Sources */ = {isa = PBXBuildFile; fileRef = BEA2F89B16A0FEEF005E7CC4 /* UIFont+Additions.m */; };
		BEA2F8AC16A1E45C005E7CC4 /* GTMNSString+HTML.m in Sources */ = {isa = PBXBuildFile; fileRef = BEA2F8A716A1E45C005E7CC4 /* GTMNSString+HTML.m */; settings = {COMPILER_FLAGS = "-fno-objc-arc"; }; };
		BEA2F8AD16A1E45C005E7CC4 /* NSString+HTML.m in Sources */ = {isa = PBXBuildFile; fileRef = BEA2F8A916A1E45C005E7CC4 /* NSString+HTML.m */; settings = {COMPILER_FLAGS = "-fno-objc-arc"; }; };
		BEA2F8AE16A1E45C005E7CC4 /* NSString+XMLEntities.m in Sources */ = {isa = PBXBuildFile; fileRef = BEA2F8AB16A1E45C005E7CC4 /* NSString+XMLEntities.m */; settings = {COMPILER_FLAGS = "-fno-objc-arc"; }; };
		BEA2F8B016A1E79C005E7CC4 /* nav-bar-shadow@2x.png in Resources */ = {isa = PBXBuildFile; fileRef = BEA2F8AF16A1E79C005E7CC4 /* nav-bar-shadow@2x.png */; };
		BEA2F8B216A1E929005E7CC4 /* nav-bar-shadow.png in Resources */ = {isa = PBXBuildFile; fileRef = BEA2F8B116A1E929005E7CC4 /* nav-bar-shadow.png */; };
		BEA2F8B516A1EAC5005E7CC4 /* MovieControlView.m in Sources */ = {isa = PBXBuildFile; fileRef = BEA2F8B416A1EAC5005E7CC4 /* MovieControlView.m */; };
		BEA2F8BE16A22A43005E7CC4 /* icon-play-small@2x.png in Resources */ = {isa = PBXBuildFile; fileRef = BEA2F8B616A22A42005E7CC4 /* icon-play-small@2x.png */; };
		BEA2F8BF16A22A43005E7CC4 /* icon-pause-small@2x.png in Resources */ = {isa = PBXBuildFile; fileRef = BEA2F8B716A22A42005E7CC4 /* icon-pause-small@2x.png */; };
		BEA2F8C016A22A43005E7CC4 /* icon-shuffle@2x.png in Resources */ = {isa = PBXBuildFile; fileRef = BEA2F8B816A22A43005E7CC4 /* icon-shuffle@2x.png */; };
		BEA2F8C116A22A43005E7CC4 /* icon-plus@2x.png in Resources */ = {isa = PBXBuildFile; fileRef = BEA2F8B916A22A43005E7CC4 /* icon-plus@2x.png */; };
		BEA2F8C216A22A43005E7CC4 /* icon-previous@2x.png in Resources */ = {isa = PBXBuildFile; fileRef = BEA2F8BA16A22A43005E7CC4 /* icon-previous@2x.png */; };
		BEA2F8C316A22A43005E7CC4 /* icon-next@2x.png in Resources */ = {isa = PBXBuildFile; fileRef = BEA2F8BB16A22A43005E7CC4 /* icon-next@2x.png */; };
		BEA2F8C416A22A43005E7CC4 /* icon-pause@2x.png in Resources */ = {isa = PBXBuildFile; fileRef = BEA2F8BC16A22A43005E7CC4 /* icon-pause@2x.png */; };
		BEA2F8C516A22A43005E7CC4 /* icon-play@2x.png in Resources */ = {isa = PBXBuildFile; fileRef = BEA2F8BD16A22A43005E7CC4 /* icon-play@2x.png */; };
		BEA2F8CE16A22A7E005E7CC4 /* icon-next.png in Resources */ = {isa = PBXBuildFile; fileRef = BEA2F8C616A22A7E005E7CC4 /* icon-next.png */; };
		BEA2F8CF16A22A7E005E7CC4 /* icon-pause-small.png in Resources */ = {isa = PBXBuildFile; fileRef = BEA2F8C716A22A7E005E7CC4 /* icon-pause-small.png */; };
		BEA2F8D016A22A7E005E7CC4 /* icon-pause.png in Resources */ = {isa = PBXBuildFile; fileRef = BEA2F8C816A22A7E005E7CC4 /* icon-pause.png */; };
		BEA2F8D116A22A7E005E7CC4 /* icon-play-small.png in Resources */ = {isa = PBXBuildFile; fileRef = BEA2F8C916A22A7E005E7CC4 /* icon-play-small.png */; };
		BEA2F8D216A22A7E005E7CC4 /* icon-play.png in Resources */ = {isa = PBXBuildFile; fileRef = BEA2F8CA16A22A7E005E7CC4 /* icon-play.png */; };
		BEA2F8D316A22A7E005E7CC4 /* icon-plus.png in Resources */ = {isa = PBXBuildFile; fileRef = BEA2F8CB16A22A7E005E7CC4 /* icon-plus.png */; };
		BEA2F8D416A22A7E005E7CC4 /* icon-previous.png in Resources */ = {isa = PBXBuildFile; fileRef = BEA2F8CC16A22A7E005E7CC4 /* icon-previous.png */; };
		BEA2F8D516A22A7E005E7CC4 /* icon-shuffle.png in Resources */ = {isa = PBXBuildFile; fileRef = BEA2F8CD16A22A7E005E7CC4 /* icon-shuffle.png */; };
		BEA2F8DB16A3138D005E7CC4 /* AVFoundation.framework in Frameworks */ = {isa = PBXBuildFile; fileRef = BEA2F8DA16A3138D005E7CC4 /* AVFoundation.framework */; };
		BEA2F8DD16A3166E005E7CC4 /* AudioToolbox.framework in Frameworks */ = {isa = PBXBuildFile; fileRef = BEA2F8DC16A3166D005E7CC4 /* AudioToolbox.framework */; };
		BEA2F8F016A325FA005E7CC4 /* Slider.m in Sources */ = {isa = PBXBuildFile; fileRef = BEA2F8EF16A325FA005E7CC4 /* Slider.m */; };
		BEF8461116A5225000C659DB /* Icon.png in Resources */ = {isa = PBXBuildFile; fileRef = BEF8461016A5225000C659DB /* Icon.png */; };
		BEF8461416A5225400C659DB /* Icon@2x.png in Resources */ = {isa = PBXBuildFile; fileRef = BEF8461316A5225400C659DB /* Icon@2x.png */; };
		BEF8F5A7169512FC002F241E /* UIKit.framework in Frameworks */ = {isa = PBXBuildFile; fileRef = BEF8F5A6169512FC002F241E /* UIKit.framework */; };
		BEF8F5A9169512FC002F241E /* Foundation.framework in Frameworks */ = {isa = PBXBuildFile; fileRef = BEF8F5A8169512FC002F241E /* Foundation.framework */; };
		BEF8F5AB169512FC002F241E /* CoreGraphics.framework in Frameworks */ = {isa = PBXBuildFile; fileRef = BEF8F5AA169512FC002F241E /* CoreGraphics.framework */; };
		BEF8F5B1169512FC002F241E /* InfoPlist.strings in Resources */ = {isa = PBXBuildFile; fileRef = BEF8F5AF169512FC002F241E /* InfoPlist.strings */; };
		BEF8F5B3169512FC002F241E /* main.m in Sources */ = {isa = PBXBuildFile; fileRef = BEF8F5B2169512FC002F241E /* main.m */; };
		BEF8F5B7169512FC002F241E /* AppDelegate.m in Sources */ = {isa = PBXBuildFile; fileRef = BEF8F5B6169512FC002F241E /* AppDelegate.m */; };
		BEF8F5B9169512FC002F241E /* Default.png in Resources */ = {isa = PBXBuildFile; fileRef = BEF8F5B8169512FC002F241E /* Default.png */; };
		BEF8F5BB169512FC002F241E /* Default@2x.png in Resources */ = {isa = PBXBuildFile; fileRef = BEF8F5BA169512FC002F241E /* Default@2x.png */; };
		BEF8F5BD169512FC002F241E /* Default-568h@2x.png in Resources */ = {isa = PBXBuildFile; fileRef = BEF8F5BC169512FC002F241E /* Default-568h@2x.png */; };
/* End PBXBuildFile section */

/* Begin PBXFileReference section */
		BE0BD635169BC7CE0023BBBD /* NowPlayingViewController.h */ = {isa = PBXFileReference; fileEncoding = 4; lastKnownFileType = sourcecode.c.h; path = NowPlayingViewController.h; sourceTree = "<group>"; };
		BE0BD636169BC7CE0023BBBD /* NowPlayingViewController.m */ = {isa = PBXFileReference; fileEncoding = 4; lastKnownFileType = sourcecode.c.objc; path = NowPlayingViewController.m; sourceTree = "<group>"; };
		BE0BD639169BD4640023BBBD /* APIQuery.h */ = {isa = PBXFileReference; fileEncoding = 4; lastKnownFileType = sourcecode.c.h; path = APIQuery.h; sourceTree = "<group>"; };
		BE0BD63A169BD4640023BBBD /* APIQuery.m */ = {isa = PBXFileReference; fileEncoding = 4; lastKnownFileType = sourcecode.c.objc; path = APIQuery.m; sourceTree = "<group>"; };
		BE0BD645169E6CB60023BBBD /* EchonestQuery.h */ = {isa = PBXFileReference; fileEncoding = 4; lastKnownFileType = sourcecode.c.h; path = EchonestQuery.h; sourceTree = "<group>"; };
		BE0BD646169E6CB60023BBBD /* EchonestQuery.m */ = {isa = PBXFileReference; fileEncoding = 4; lastKnownFileType = sourcecode.c.objc; path = EchonestQuery.m; sourceTree = "<group>"; };
		BE0BD648169E6CC90023BBBD /* YouTubeQuery.h */ = {isa = PBXFileReference; fileEncoding = 4; lastKnownFileType = sourcecode.c.h; path = YouTubeQuery.h; sourceTree = "<group>"; };
		BE0BD649169E6CC90023BBBD /* YouTubeQuery.m */ = {isa = PBXFileReference; fileEncoding = 4; lastKnownFileType = sourcecode.c.objc; path = YouTubeQuery.m; sourceTree = "<group>"; };
		BE0BD64B169E6CDF0023BBBD /* RedditQuery.h */ = {isa = PBXFileReference; fileEncoding = 4; lastKnownFileType = sourcecode.c.h; path = RedditQuery.h; sourceTree = "<group>"; };
		BE0BD64C169E6CDF0023BBBD /* RedditQuery.m */ = {isa = PBXFileReference; fileEncoding = 4; lastKnownFileType = sourcecode.c.objc; path = RedditQuery.m; sourceTree = "<group>"; };
		BE0BD64E169E6CEB0023BBBD /* GenreQuery.h */ = {isa = PBXFileReference; fileEncoding = 4; lastKnownFileType = sourcecode.c.h; path = GenreQuery.h; sourceTree = "<group>"; };
		BE0BD64F169E6CEB0023BBBD /* GenreQuery.m */ = {isa = PBXFileReference; fileEncoding = 4; lastKnownFileType = sourcecode.c.objc; path = GenreQuery.m; sourceTree = "<group>"; };
		BE24377316A07B28001B214E /* Crashlytics.framework */ = {isa = PBXFileReference; lastKnownFileType = wrapper.framework; path = Crashlytics.framework; sourceTree = "<group>"; };
		BE3E501D16951A8800FFC7A1 /* libTestFlight.a */ = {isa = PBXFileReference; lastKnownFileType = archive.ar; name = libTestFlight.a; path = Tubalr/libTestFlight.a; sourceTree = "<group>"; };
		BE3E501E16951A8800FFC7A1 /* TestFlight.h */ = {isa = PBXFileReference; fileEncoding = 4; lastKnownFileType = sourcecode.c.h; path = TestFlight.h; sourceTree = "<group>"; };
		BE3E502116951B8F00FFC7A1 /* libz.dylib */ = {isa = PBXFileReference; lastKnownFileType = "compiled.mach-o.dylib"; name = libz.dylib; path = usr/lib/libz.dylib; sourceTree = SDKROOT; };
		BE50BA7E16A376FF00672442 /* AVView.h */ = {isa = PBXFileReference; fileEncoding = 4; lastKnownFileType = sourcecode.c.h; path = AVView.h; sourceTree = "<group>"; };
		BE50BA7F16A376FF00672442 /* AVView.m */ = {isa = PBXFileReference; fileEncoding = 4; lastKnownFileType = sourcecode.c.objc; path = AVView.m; sourceTree = "<group>"; };
		BE50BA8216A385D400672442 /* CoreMedia.framework */ = {isa = PBXFileReference; lastKnownFileType = wrapper.framework; name = CoreMedia.framework; path = System/Library/Frameworks/CoreMedia.framework; sourceTree = SDKROOT; };
		BE53DEBE169F8A3900D17B02 /* MediaPlayer.framework */ = {isa = PBXFileReference; lastKnownFileType = wrapper.framework; name = MediaPlayer.framework; path = System/Library/Frameworks/MediaPlayer.framework; sourceTree = SDKROOT; };
		BE53DED2169F905300D17B02 /* NowPlayingCell.h */ = {isa = PBXFileReference; fileEncoding = 4; lastKnownFileType = sourcecode.c.h; path = NowPlayingCell.h; sourceTree = "<group>"; };
		BE53DED3169F905300D17B02 /* NowPlayingCell.m */ = {isa = PBXFileReference; fileEncoding = 4; lastKnownFileType = sourcecode.c.objc; path = NowPlayingCell.m; sourceTree = "<group>"; };
		BE53DEDD169FB21D00D17B02 /* LBYouTubeExtractor.h */ = {isa = PBXFileReference; fileEncoding = 4; lastKnownFileType = sourcecode.c.h; path = LBYouTubeExtractor.h; sourceTree = "<group>"; };
		BE53DEDE169FB21D00D17B02 /* LBYouTubeExtractor.m */ = {isa = PBXFileReference; fileEncoding = 4; lastKnownFileType = sourcecode.c.objc; path = LBYouTubeExtractor.m; sourceTree = "<group>"; };
		BE53DEE4169FC4C300D17B02 /* NSArray+Shuffle.h */ = {isa = PBXFileReference; fileEncoding = 4; lastKnownFileType = sourcecode.c.h; path = "NSArray+Shuffle.h"; sourceTree = "<group>"; };
		BE53DEE5169FC4C300D17B02 /* NSArray+Shuffle.m */ = {isa = PBXFileReference; fileEncoding = 4; lastKnownFileType = sourcecode.c.objc; path = "NSArray+Shuffle.m"; sourceTree = "<group>"; };
		BE53DEE7169FC60800D17B02 /* MainViewController.h */ = {isa = PBXFileReference; fileEncoding = 4; lastKnownFileType = sourcecode.c.h; path = MainViewController.h; sourceTree = "<group>"; };
		BE53DEE8169FC60800D17B02 /* MainViewController.m */ = {isa = PBXFileReference; fileEncoding = 4; lastKnownFileType = sourcecode.c.objc; path = MainViewController.m; sourceTree = "<group>"; };
		BE53DF23169FE8A800D17B02 /* NavigationController.h */ = {isa = PBXFileReference; fileEncoding = 4; lastKnownFileType = sourcecode.c.h; path = NavigationController.h; sourceTree = "<group>"; };
		BE53DF24169FE8A800D17B02 /* NavigationController.m */ = {isa = PBXFileReference; fileEncoding = 4; lastKnownFileType = sourcecode.c.objc; path = NavigationController.m; sourceTree = "<group>"; };
		BEA2F86616A0AB6C005E7CC4 /* NSDictionary+objectForKeyList.h */ = {isa = PBXFileReference; fileEncoding = 4; lastKnownFileType = sourcecode.c.h; path = "NSDictionary+objectForKeyList.h"; sourceTree = "<group>"; };
		BEA2F86716A0AB6C005E7CC4 /* NSDictionary+objectForKeyList.m */ = {isa = PBXFileReference; fileEncoding = 4; lastKnownFileType = sourcecode.c.objc; path = "NSDictionary+objectForKeyList.m"; sourceTree = "<group>"; };
		BEA2F86A16A0BBD1005E7CC4 /* PlaylistManager.h */ = {isa = PBXFileReference; fileEncoding = 4; lastKnownFileType = sourcecode.c.h; path = PlaylistManager.h; sourceTree = "<group>"; };
		BEA2F86B16A0BBD1005E7CC4 /* PlaylistManager.m */ = {isa = PBXFileReference; fileEncoding = 4; lastKnownFileType = sourcecode.c.objc; path = PlaylistManager.m; sourceTree = "<group>"; };
		BEA2F86E16A0E8F4005E7CC4 /* bg-cell-selected@2x.png */ = {isa = PBXFileReference; lastKnownFileType = image.png; path = "bg-cell-selected@2x.png"; sourceTree = "<group>"; };
		BEA2F86F16A0E8F4005E7CC4 /* bg-cell@2x.png */ = {isa = PBXFileReference; lastKnownFileType = image.png; path = "bg-cell@2x.png"; sourceTree = "<group>"; };
		BEA2F87016A0E8F4005E7CC4 /* btn-back@2x.png */ = {isa = PBXFileReference; lastKnownFileType = image.png; path = "btn-back@2x.png"; sourceTree = "<group>"; };
		BEA2F87116A0E8F4005E7CC4 /* btn-search@2x.png */ = {isa = PBXFileReference; lastKnownFileType = image.png; path = "btn-search@2x.png"; sourceTree = "<group>"; };
		BEA2F87216A0E8F4005E7CC4 /* btn-settings.png */ = {isa = PBXFileReference; lastKnownFileType = image.png; path = "btn-settings.png"; sourceTree = "<group>"; };
		BEA2F87316A0E8F4005E7CC4 /* knob@2x.png */ = {isa = PBXFileReference; lastKnownFileType = image.png; path = "knob@2x.png"; sourceTree = "<group>"; };
		BEA2F87416A0E8F4005E7CC4 /* nav-bar@2x.png */ = {isa = PBXFileReference; lastKnownFileType = image.png; path = "nav-bar@2x.png"; sourceTree = "<group>"; };
		BEA2F87516A0E8F4005E7CC4 /* scrubber-active@2x.png */ = {isa = PBXFileReference; lastKnownFileType = image.png; path = "scrubber-active@2x.png"; sourceTree = "<group>"; };
		BEA2F87616A0E8F4005E7CC4 /* scrubber@2x.png */ = {isa = PBXFileReference; lastKnownFileType = image.png; path = "scrubber@2x.png"; sourceTree = "<group>"; };
		BEA2F88016A0E978005E7CC4 /* bg-cell.png */ = {isa = PBXFileReference; lastKnownFileType = image.png; path = "bg-cell.png"; sourceTree = "<group>"; };
		BEA2F88116A0E978005E7CC4 /* btn-back.png */ = {isa = PBXFileReference; lastKnownFileType = image.png; path = "btn-back.png"; sourceTree = "<group>"; };
		BEA2F88216A0E978005E7CC4 /* btn-search.png */ = {isa = PBXFileReference; lastKnownFileType = image.png; path = "btn-search.png"; sourceTree = "<group>"; };
		BEA2F88316A0E978005E7CC4 /* btn-settings@2x.png */ = {isa = PBXFileReference; lastKnownFileType = image.png; path = "btn-settings@2x.png"; sourceTree = "<group>"; };
		BEA2F88416A0E978005E7CC4 /* knob.png */ = {isa = PBXFileReference; lastKnownFileType = image.png; path = knob.png; sourceTree = "<group>"; };
		BEA2F88516A0E978005E7CC4 /* nav-bar.png */ = {isa = PBXFileReference; lastKnownFileType = image.png; path = "nav-bar.png"; sourceTree = "<group>"; };
		BEA2F88616A0E978005E7CC4 /* scrubber-active.png */ = {isa = PBXFileReference; lastKnownFileType = image.png; path = "scrubber-active.png"; sourceTree = "<group>"; };
		BEA2F88716A0E978005E7CC4 /* scrubber.png */ = {isa = PBXFileReference; lastKnownFileType = image.png; path = scrubber.png; sourceTree = "<group>"; };
		BEA2F89016A0FD14005E7CC4 /* NSString+FontAwesome.h */ = {isa = PBXFileReference; fileEncoding = 4; lastKnownFileType = sourcecode.c.h; path = "NSString+FontAwesome.h"; sourceTree = "<group>"; };
		BEA2F89116A0FD14005E7CC4 /* NSString+FontAwesome.m */ = {isa = PBXFileReference; fileEncoding = 4; lastKnownFileType = sourcecode.c.objc; path = "NSString+FontAwesome.m"; sourceTree = "<group>"; };
		BEA2F89316A0FD3A005E7CC4 /* FontAwesome.ttf */ = {isa = PBXFileReference; lastKnownFileType = file; path = FontAwesome.ttf; sourceTree = "<group>"; };
		BEA2F89516A0FDB4005E7CC4 /* PT_Sans-Web-Bold.ttf */ = {isa = PBXFileReference; lastKnownFileType = file; path = "PT_Sans-Web-Bold.ttf"; sourceTree = "<group>"; };
		BEA2F89616A0FDB4005E7CC4 /* PT_Sans-Web-Regular.ttf */ = {isa = PBXFileReference; lastKnownFileType = file; path = "PT_Sans-Web-Regular.ttf"; sourceTree = "<group>"; };
		BEA2F89A16A0FEEF005E7CC4 /* UIFont+Additions.h */ = {isa = PBXFileReference; fileEncoding = 4; lastKnownFileType = sourcecode.c.h; path = "UIFont+Additions.h"; sourceTree = "<group>"; };
		BEA2F89B16A0FEEF005E7CC4 /* UIFont+Additions.m */ = {isa = PBXFileReference; fileEncoding = 4; lastKnownFileType = sourcecode.c.objc; path = "UIFont+Additions.m"; sourceTree = "<group>"; };
		BEA2F8A616A1E45C005E7CC4 /* GTMNSString+HTML.h */ = {isa = PBXFileReference; fileEncoding = 4; lastKnownFileType = sourcecode.c.h; path = "GTMNSString+HTML.h"; sourceTree = "<group>"; };
		BEA2F8A716A1E45C005E7CC4 /* GTMNSString+HTML.m */ = {isa = PBXFileReference; fileEncoding = 4; lastKnownFileType = sourcecode.c.objc; path = "GTMNSString+HTML.m"; sourceTree = "<group>"; };
		BEA2F8A816A1E45C005E7CC4 /* NSString+HTML.h */ = {isa = PBXFileReference; fileEncoding = 4; lastKnownFileType = sourcecode.c.h; path = "NSString+HTML.h"; sourceTree = "<group>"; };
		BEA2F8A916A1E45C005E7CC4 /* NSString+HTML.m */ = {isa = PBXFileReference; fileEncoding = 4; lastKnownFileType = sourcecode.c.objc; path = "NSString+HTML.m"; sourceTree = "<group>"; };
		BEA2F8AA16A1E45C005E7CC4 /* NSString+XMLEntities.h */ = {isa = PBXFileReference; fileEncoding = 4; lastKnownFileType = sourcecode.c.h; path = "NSString+XMLEntities.h"; sourceTree = "<group>"; };
		BEA2F8AB16A1E45C005E7CC4 /* NSString+XMLEntities.m */ = {isa = PBXFileReference; fileEncoding = 4; lastKnownFileType = sourcecode.c.objc; path = "NSString+XMLEntities.m"; sourceTree = "<group>"; };
		BEA2F8AF16A1E79C005E7CC4 /* nav-bar-shadow@2x.png */ = {isa = PBXFileReference; lastKnownFileType = image.png; path = "nav-bar-shadow@2x.png"; sourceTree = "<group>"; };
		BEA2F8B116A1E929005E7CC4 /* nav-bar-shadow.png */ = {isa = PBXFileReference; lastKnownFileType = image.png; path = "nav-bar-shadow.png"; sourceTree = "<group>"; };
		BEA2F8B316A1EAC5005E7CC4 /* MovieControlView.h */ = {isa = PBXFileReference; fileEncoding = 4; lastKnownFileType = sourcecode.c.h; path = MovieControlView.h; sourceTree = "<group>"; };
		BEA2F8B416A1EAC5005E7CC4 /* MovieControlView.m */ = {isa = PBXFileReference; fileEncoding = 4; lastKnownFileType = sourcecode.c.objc; path = MovieControlView.m; sourceTree = "<group>"; };
		BEA2F8B616A22A42005E7CC4 /* icon-play-small@2x.png */ = {isa = PBXFileReference; lastKnownFileType = image.png; path = "icon-play-small@2x.png"; sourceTree = "<group>"; };
		BEA2F8B716A22A42005E7CC4 /* icon-pause-small@2x.png */ = {isa = PBXFileReference; lastKnownFileType = image.png; path = "icon-pause-small@2x.png"; sourceTree = "<group>"; };
		BEA2F8B816A22A43005E7CC4 /* icon-shuffle@2x.png */ = {isa = PBXFileReference; lastKnownFileType = image.png; path = "icon-shuffle@2x.png"; sourceTree = "<group>"; };
		BEA2F8B916A22A43005E7CC4 /* icon-plus@2x.png */ = {isa = PBXFileReference; lastKnownFileType = image.png; path = "icon-plus@2x.png"; sourceTree = "<group>"; };
		BEA2F8BA16A22A43005E7CC4 /* icon-previous@2x.png */ = {isa = PBXFileReference; lastKnownFileType = image.png; path = "icon-previous@2x.png"; sourceTree = "<group>"; };
		BEA2F8BB16A22A43005E7CC4 /* icon-next@2x.png */ = {isa = PBXFileReference; lastKnownFileType = image.png; path = "icon-next@2x.png"; sourceTree = "<group>"; };
		BEA2F8BC16A22A43005E7CC4 /* icon-pause@2x.png */ = {isa = PBXFileReference; lastKnownFileType = image.png; path = "icon-pause@2x.png"; sourceTree = "<group>"; };
		BEA2F8BD16A22A43005E7CC4 /* icon-play@2x.png */ = {isa = PBXFileReference; lastKnownFileType = image.png; path = "icon-play@2x.png"; sourceTree = "<group>"; };
		BEA2F8C616A22A7E005E7CC4 /* icon-next.png */ = {isa = PBXFileReference; lastKnownFileType = image.png; path = "icon-next.png"; sourceTree = "<group>"; };
		BEA2F8C716A22A7E005E7CC4 /* icon-pause-small.png */ = {isa = PBXFileReference; lastKnownFileType = image.png; path = "icon-pause-small.png"; sourceTree = "<group>"; };
		BEA2F8C816A22A7E005E7CC4 /* icon-pause.png */ = {isa = PBXFileReference; lastKnownFileType = image.png; path = "icon-pause.png"; sourceTree = "<group>"; };
		BEA2F8C916A22A7E005E7CC4 /* icon-play-small.png */ = {isa = PBXFileReference; lastKnownFileType = image.png; path = "icon-play-small.png"; sourceTree = "<group>"; };
		BEA2F8CA16A22A7E005E7CC4 /* icon-play.png */ = {isa = PBXFileReference; lastKnownFileType = image.png; path = "icon-play.png"; sourceTree = "<group>"; };
		BEA2F8CB16A22A7E005E7CC4 /* icon-plus.png */ = {isa = PBXFileReference; lastKnownFileType = image.png; path = "icon-plus.png"; sourceTree = "<group>"; };
		BEA2F8CC16A22A7E005E7CC4 /* icon-previous.png */ = {isa = PBXFileReference; lastKnownFileType = image.png; path = "icon-previous.png"; sourceTree = "<group>"; };
		BEA2F8CD16A22A7E005E7CC4 /* icon-shuffle.png */ = {isa = PBXFileReference; lastKnownFileType = image.png; path = "icon-shuffle.png"; sourceTree = "<group>"; };
		BEA2F8DA16A3138D005E7CC4 /* AVFoundation.framework */ = {isa = PBXFileReference; lastKnownFileType = wrapper.framework; name = AVFoundation.framework; path = System/Library/Frameworks/AVFoundation.framework; sourceTree = SDKROOT; };
		BEA2F8DC16A3166D005E7CC4 /* AudioToolbox.framework */ = {isa = PBXFileReference; lastKnownFileType = wrapper.framework; name = AudioToolbox.framework; path = System/Library/Frameworks/AudioToolbox.framework; sourceTree = SDKROOT; };
		BEA2F8EE16A325FA005E7CC4 /* Slider.h */ = {isa = PBXFileReference; fileEncoding = 4; lastKnownFileType = sourcecode.c.h; path = Slider.h; sourceTree = "<group>"; };
		BEA2F8EF16A325FA005E7CC4 /* Slider.m */ = {isa = PBXFileReference; fileEncoding = 4; lastKnownFileType = sourcecode.c.objc; path = Slider.m; sourceTree = "<group>"; };
		BEF8461016A5225000C659DB /* Icon.png */ = {isa = PBXFileReference; lastKnownFileType = image.png; name = Icon.png; path = ../Icon.png; sourceTree = "<group>"; };
		BEF8461316A5225400C659DB /* Icon@2x.png */ = {isa = PBXFileReference; lastKnownFileType = image.png; name = "Icon@2x.png"; path = "../Icon@2x.png"; sourceTree = "<group>"; };
		BEF8F5A2169512FC002F241E /* Tubalr.app */ = {isa = PBXFileReference; explicitFileType = wrapper.application; includeInIndex = 0; path = Tubalr.app; sourceTree = BUILT_PRODUCTS_DIR; };
		BEF8F5A6169512FC002F241E /* UIKit.framework */ = {isa = PBXFileReference; lastKnownFileType = wrapper.framework; name = UIKit.framework; path = System/Library/Frameworks/UIKit.framework; sourceTree = SDKROOT; };
		BEF8F5A8169512FC002F241E /* Foundation.framework */ = {isa = PBXFileReference; lastKnownFileType = wrapper.framework; name = Foundation.framework; path = System/Library/Frameworks/Foundation.framework; sourceTree = SDKROOT; };
		BEF8F5AA169512FC002F241E /* CoreGraphics.framework */ = {isa = PBXFileReference; lastKnownFileType = wrapper.framework; name = CoreGraphics.framework; path = System/Library/Frameworks/CoreGraphics.framework; sourceTree = SDKROOT; };
		BEF8F5AE169512FC002F241E /* Tubalr-Info.plist */ = {isa = PBXFileReference; lastKnownFileType = text.plist.xml; path = "Tubalr-Info.plist"; sourceTree = "<group>"; };
		BEF8F5B0169512FC002F241E /* en */ = {isa = PBXFileReference; lastKnownFileType = text.plist.strings; name = en; path = en.lproj/InfoPlist.strings; sourceTree = "<group>"; };
		BEF8F5B2169512FC002F241E /* main.m */ = {isa = PBXFileReference; lastKnownFileType = sourcecode.c.objc; path = main.m; sourceTree = "<group>"; };
		BEF8F5B4169512FC002F241E /* Tubalr-Prefix.pch */ = {isa = PBXFileReference; lastKnownFileType = sourcecode.c.h; path = "Tubalr-Prefix.pch"; sourceTree = "<group>"; };
		BEF8F5B5169512FC002F241E /* AppDelegate.h */ = {isa = PBXFileReference; lastKnownFileType = sourcecode.c.h; path = AppDelegate.h; sourceTree = "<group>"; };
		BEF8F5B6169512FC002F241E /* AppDelegate.m */ = {isa = PBXFileReference; lastKnownFileType = sourcecode.c.objc; path = AppDelegate.m; sourceTree = "<group>"; };
		BEF8F5B8169512FC002F241E /* Default.png */ = {isa = PBXFileReference; lastKnownFileType = image.png; path = Default.png; sourceTree = "<group>"; };
		BEF8F5BA169512FC002F241E /* Default@2x.png */ = {isa = PBXFileReference; lastKnownFileType = image.png; path = "Default@2x.png"; sourceTree = "<group>"; };
		BEF8F5BC169512FC002F241E /* Default-568h@2x.png */ = {isa = PBXFileReference; lastKnownFileType = image.png; path = "Default-568h@2x.png"; sourceTree = "<group>"; };
/* End PBXFileReference section */

/* Begin PBXFrameworksBuildPhase section */
		BEF8F59F169512FC002F241E /* Frameworks */ = {
			isa = PBXFrameworksBuildPhase;
			buildActionMask = 2147483647;
			files = (
				BE50BA8316A385D400672442 /* CoreMedia.framework in Frameworks */,
				BEA2F8DD16A3166E005E7CC4 /* AudioToolbox.framework in Frameworks */,
				BEA2F8DB16A3138D005E7CC4 /* AVFoundation.framework in Frameworks */,
				BE53DEBF169F8A3900D17B02 /* MediaPlayer.framework in Frameworks */,
				BEF8F5A7169512FC002F241E /* UIKit.framework in Frameworks */,
				BEF8F5A9169512FC002F241E /* Foundation.framework in Frameworks */,
				BEF8F5AB169512FC002F241E /* CoreGraphics.framework in Frameworks */,
				BE3E501F16951A8800FFC7A1 /* libTestFlight.a in Frameworks */,
				BE3E502216951B8F00FFC7A1 /* libz.dylib in Frameworks */,
				BE24377416A07B28001B214E /* Crashlytics.framework in Frameworks */,
			);
			runOnlyForDeploymentPostprocessing = 0;
		};
/* End PBXFrameworksBuildPhase section */

/* Begin PBXGroup section */
		BE0BD652169E6D170023BBBD /* Models */ = {
			isa = PBXGroup;
			children = (
				BE0BD639169BD4640023BBBD /* APIQuery.h */,
				BE0BD63A169BD4640023BBBD /* APIQuery.m */,
				BE0BD645169E6CB60023BBBD /* EchonestQuery.h */,
				BE0BD646169E6CB60023BBBD /* EchonestQuery.m */,
				BE0BD648169E6CC90023BBBD /* YouTubeQuery.h */,
				BE0BD649169E6CC90023BBBD /* YouTubeQuery.m */,
				BE0BD64B169E6CDF0023BBBD /* RedditQuery.h */,
				BE0BD64C169E6CDF0023BBBD /* RedditQuery.m */,
				BE0BD64E169E6CEB0023BBBD /* GenreQuery.h */,
				BE0BD64F169E6CEB0023BBBD /* GenreQuery.m */,
				BEA2F86A16A0BBD1005E7CC4 /* PlaylistManager.h */,
				BEA2F86B16A0BBD1005E7CC4 /* PlaylistManager.m */,
			);
			name = Models;
			sourceTree = "<group>";
		};
		BE0BD653169E6D330023BBBD /* View Controllers */ = {
			isa = PBXGroup;
			children = (
				BE53DF23169FE8A800D17B02 /* NavigationController.h */,
				BE53DF24169FE8A800D17B02 /* NavigationController.m */,
				BE53DEE7169FC60800D17B02 /* MainViewController.h */,
				BE53DEE8169FC60800D17B02 /* MainViewController.m */,
				BE0BD635169BC7CE0023BBBD /* NowPlayingViewController.h */,
				BE0BD636169BC7CE0023BBBD /* NowPlayingViewController.m */,
			);
			name = "View Controllers";
			sourceTree = "<group>";
		};
		BE53DED1169F902600D17B02 /* Views */ = {
			isa = PBXGroup;
			children = (
				BE50BA7E16A376FF00672442 /* AVView.h */,
				BE50BA7F16A376FF00672442 /* AVView.m */,
				BE53DED2169F905300D17B02 /* NowPlayingCell.h */,
				BE53DED3169F905300D17B02 /* NowPlayingCell.m */,
				BEA2F8B316A1EAC5005E7CC4 /* MovieControlView.h */,
				BEA2F8B416A1EAC5005E7CC4 /* MovieControlView.m */,
				BEA2F8EE16A325FA005E7CC4 /* Slider.h */,
				BEA2F8EF16A325FA005E7CC4 /* Slider.m */,
			);
			name = Views;
			sourceTree = "<group>";
		};
		BE53DEDC169FB20C00D17B02 /* 3rdParty */ = {
			isa = PBXGroup;
			children = (
				BEA2F8A516A1E405005E7CC4 /* MWFeedParser */,
				BEA2F89016A0FD14005E7CC4 /* NSString+FontAwesome.h */,
				BEA2F89116A0FD14005E7CC4 /* NSString+FontAwesome.m */,
				BE53DEE4169FC4C300D17B02 /* NSArray+Shuffle.h */,
				BE53DEE5169FC4C300D17B02 /* NSArray+Shuffle.m */,
				BE53DEDD169FB21D00D17B02 /* LBYouTubeExtractor.h */,
				BE53DEDE169FB21D00D17B02 /* LBYouTubeExtractor.m */,
				BEA2F86616A0AB6C005E7CC4 /* NSDictionary+objectForKeyList.h */,
				BEA2F86716A0AB6C005E7CC4 /* NSDictionary+objectForKeyList.m */,
				BEA2F89516A0FDB4005E7CC4 /* PT_Sans-Web-Bold.ttf */,
				BEA2F89616A0FDB4005E7CC4 /* PT_Sans-Web-Regular.ttf */,
				BEA2F89316A0FD3A005E7CC4 /* FontAwesome.ttf */,
			);
			name = 3rdParty;
			sourceTree = "<group>";
		};
		BEA2F86D16A0E8B1005E7CC4 /* Resources */ = {
			isa = PBXGroup;
			children = (
				BEA2F86E16A0E8F4005E7CC4 /* bg-cell-selected@2x.png */,
				BEA2F88016A0E978005E7CC4 /* bg-cell.png */,
				BEA2F86F16A0E8F4005E7CC4 /* bg-cell@2x.png */,
				BEA2F88116A0E978005E7CC4 /* btn-back.png */,
				BEA2F87016A0E8F4005E7CC4 /* btn-back@2x.png */,
				BEA2F88216A0E978005E7CC4 /* btn-search.png */,
				BEA2F87116A0E8F4005E7CC4 /* btn-search@2x.png */,
				BEA2F87216A0E8F4005E7CC4 /* btn-settings.png */,
				BEA2F88316A0E978005E7CC4 /* btn-settings@2x.png */,
				BEA2F8C616A22A7E005E7CC4 /* icon-next.png */,
				BEA2F8BB16A22A43005E7CC4 /* icon-next@2x.png */,
				BEA2F8C716A22A7E005E7CC4 /* icon-pause-small.png */,
				BEA2F8B716A22A42005E7CC4 /* icon-pause-small@2x.png */,
				BEA2F8C816A22A7E005E7CC4 /* icon-pause.png */,
				BEA2F8BC16A22A43005E7CC4 /* icon-pause@2x.png */,
				BEA2F8C916A22A7E005E7CC4 /* icon-play-small.png */,
				BEA2F8B616A22A42005E7CC4 /* icon-play-small@2x.png */,
				BEA2F8CA16A22A7E005E7CC4 /* icon-play.png */,
				BEA2F8BD16A22A43005E7CC4 /* icon-play@2x.png */,
				BEA2F8CB16A22A7E005E7CC4 /* icon-plus.png */,
				BEA2F8B916A22A43005E7CC4 /* icon-plus@2x.png */,
				BEA2F8CC16A22A7E005E7CC4 /* icon-previous.png */,
				BEA2F8BA16A22A43005E7CC4 /* icon-previous@2x.png */,
				BEA2F8CD16A22A7E005E7CC4 /* icon-shuffle.png */,
				BEA2F8B816A22A43005E7CC4 /* icon-shuffle@2x.png */,
				BEA2F88416A0E978005E7CC4 /* knob.png */,
				BEA2F87316A0E8F4005E7CC4 /* knob@2x.png */,
				BEA2F8B116A1E929005E7CC4 /* nav-bar-shadow.png */,
				BEA2F8AF16A1E79C005E7CC4 /* nav-bar-shadow@2x.png */,
				BEA2F88516A0E978005E7CC4 /* nav-bar.png */,
				BEA2F87416A0E8F4005E7CC4 /* nav-bar@2x.png */,
				BEA2F88616A0E978005E7CC4 /* scrubber-active.png */,
				BEA2F87516A0E8F4005E7CC4 /* scrubber-active@2x.png */,
				BEA2F88716A0E978005E7CC4 /* scrubber.png */,
				BEA2F87616A0E8F4005E7CC4 /* scrubber@2x.png */,
			);
			name = Resources;
			sourceTree = "<group>";
		};
		BEA2F89916A0FE54005E7CC4 /* Categories */ = {
			isa = PBXGroup;
			children = (
				BEA2F89A16A0FEEF005E7CC4 /* UIFont+Additions.h */,
				BEA2F89B16A0FEEF005E7CC4 /* UIFont+Additions.m */,
			);
			name = Categories;
			sourceTree = "<group>";
		};
		BEA2F8A516A1E405005E7CC4 /* MWFeedParser */ = {
			isa = PBXGroup;
			children = (
				BEA2F8A616A1E45C005E7CC4 /* GTMNSString+HTML.h */,
				BEA2F8A716A1E45C005E7CC4 /* GTMNSString+HTML.m */,
				BEA2F8A816A1E45C005E7CC4 /* NSString+HTML.h */,
				BEA2F8A916A1E45C005E7CC4 /* NSString+HTML.m */,
				BEA2F8AA16A1E45C005E7CC4 /* NSString+XMLEntities.h */,
				BEA2F8AB16A1E45C005E7CC4 /* NSString+XMLEntities.m */,
			);
			name = MWFeedParser;
			sourceTree = "<group>";
		};
		BEF8F597169512FC002F241E = {
			isa = PBXGroup;
			children = (
				BEF8F5AC169512FC002F241E /* Tubalr */,
				BEF8F5AD169512FC002F241E /* Supporting Files */,
				BEF8F5A5169512FC002F241E /* Frameworks */,
				BEF8F5A3169512FC002F241E /* Products */,
			);
			sourceTree = "<group>";
		};
		BEF8F5A3169512FC002F241E /* Products */ = {
			isa = PBXGroup;
			children = (
				BEF8F5A2169512FC002F241E /* Tubalr.app */,
			);
			name = Products;
			sourceTree = "<group>";
		};
		BEF8F5A5169512FC002F241E /* Frameworks */ = {
			isa = PBXGroup;
			children = (
				BE50BA8216A385D400672442 /* CoreMedia.framework */,
				BEA2F8DC16A3166D005E7CC4 /* AudioToolbox.framework */,
				BEA2F8DA16A3138D005E7CC4 /* AVFoundation.framework */,
				BE24377316A07B28001B214E /* Crashlytics.framework */,
				BE3E502116951B8F00FFC7A1 /* libz.dylib */,
				BE3E501D16951A8800FFC7A1 /* libTestFlight.a */,
				BEF8F5A6169512FC002F241E /* UIKit.framework */,
				BEF8F5A8169512FC002F241E /* Foundation.framework */,
				BEF8F5AA169512FC002F241E /* CoreGraphics.framework */,
				BE53DEBE169F8A3900D17B02 /* MediaPlayer.framework */,
			);
			name = Frameworks;
			sourceTree = "<group>";
		};
		BEF8F5AC169512FC002F241E /* Tubalr */ = {
			isa = PBXGroup;
			children = (
				BE53DEDC169FB20C00D17B02 /* 3rdParty */,
				BEF8F5B5169512FC002F241E /* AppDelegate.h */,
				BEF8F5B6169512FC002F241E /* AppDelegate.m */,
				BEA2F89916A0FE54005E7CC4 /* Categories */,
				BE0BD652169E6D170023BBBD /* Models */,
				BEA2F86D16A0E8B1005E7CC4 /* Resources */,
				BE0BD653169E6D330023BBBD /* View Controllers */,
				BE53DED1169F902600D17B02 /* Views */,
			);
			path = Tubalr;
			sourceTree = "<group>";
		};
		BEF8F5AD169512FC002F241E /* Supporting Files */ = {
			isa = PBXGroup;
			children = (
				BEF8461316A5225400C659DB /* Icon@2x.png */,
				BEF8461016A5225000C659DB /* Icon.png */,
				BE3E501E16951A8800FFC7A1 /* TestFlight.h */,
				BEF8F5AE169512FC002F241E /* Tubalr-Info.plist */,
				BEF8F5AF169512FC002F241E /* InfoPlist.strings */,
				BEF8F5B2169512FC002F241E /* main.m */,
				BEF8F5B4169512FC002F241E /* Tubalr-Prefix.pch */,
				BEF8F5B8169512FC002F241E /* Default.png */,
				BEF8F5BA169512FC002F241E /* Default@2x.png */,
				BEF8F5BC169512FC002F241E /* Default-568h@2x.png */,
			);
			name = "Supporting Files";
			path = Tubalr;
			sourceTree = "<group>";
		};
/* End PBXGroup section */

/* Begin PBXNativeTarget section */
		BEF8F5A1169512FC002F241E /* Tubalr */ = {
			isa = PBXNativeTarget;
			buildConfigurationList = BEF8F5C0169512FC002F241E /* Build configuration list for PBXNativeTarget "Tubalr" */;
			buildPhases = (
				BEF8F59E169512FC002F241E /* Sources */,
				BEF8F59F169512FC002F241E /* Frameworks */,
				BEF8F5A0169512FC002F241E /* Resources */,
				BE24377116A07ABE001B214E /* ShellScript */,
			);
			buildRules = (
			);
			dependencies = (
			);
			name = Tubalr;
			productName = Tubalr;
			productReference = BEF8F5A2169512FC002F241E /* Tubalr.app */;
			productType = "com.apple.product-type.application";
		};
/* End PBXNativeTarget section */

/* Begin PBXProject section */
		BEF8F599169512FC002F241E /* Project object */ = {
			isa = PBXProject;
			attributes = {
				LastUpgradeCheck = 0450;
				ORGANIZATIONNAME = "Chad Zeluff";
			};
			buildConfigurationList = BEF8F59C169512FC002F241E /* Build configuration list for PBXProject "Tubalr" */;
			compatibilityVersion = "Xcode 3.2";
			developmentRegion = English;
			hasScannedForEncodings = 0;
			knownRegions = (
				en,
			);
			mainGroup = BEF8F597169512FC002F241E;
			productRefGroup = BEF8F5A3169512FC002F241E /* Products */;
			projectDirPath = "";
			projectRoot = "";
			targets = (
				BEF8F5A1169512FC002F241E /* Tubalr */,
			);
		};
/* End PBXProject section */

/* Begin PBXResourcesBuildPhase section */
		BEF8F5A0169512FC002F241E /* Resources */ = {
			isa = PBXResourcesBuildPhase;
			buildActionMask = 2147483647;
			files = (
				BEF8F5B1169512FC002F241E /* InfoPlist.strings in Resources */,
				BEF8F5B9169512FC002F241E /* Default.png in Resources */,
				BEF8F5BB169512FC002F241E /* Default@2x.png in Resources */,
				BEF8F5BD169512FC002F241E /* Default-568h@2x.png in Resources */,
				BEA2F87716A0E8F4005E7CC4 /* bg-cell-selected@2x.png in Resources */,
				BEA2F87816A0E8F4005E7CC4 /* bg-cell@2x.png in Resources */,
				BEA2F87916A0E8F4005E7CC4 /* btn-back@2x.png in Resources */,
				BEA2F87A16A0E8F4005E7CC4 /* btn-search@2x.png in Resources */,
				BEA2F87B16A0E8F4005E7CC4 /* btn-settings.png in Resources */,
				BEA2F87C16A0E8F4005E7CC4 /* knob@2x.png in Resources */,
				BEA2F87D16A0E8F4005E7CC4 /* nav-bar@2x.png in Resources */,
				BEA2F87E16A0E8F4005E7CC4 /* scrubber-active@2x.png in Resources */,
				BEA2F87F16A0E8F4005E7CC4 /* scrubber@2x.png in Resources */,
				BEA2F88816A0E978005E7CC4 /* bg-cell.png in Resources */,
				BEA2F88916A0E978005E7CC4 /* btn-back.png in Resources */,
				BEA2F88A16A0E978005E7CC4 /* btn-search.png in Resources */,
				BEA2F88B16A0E978005E7CC4 /* btn-settings@2x.png in Resources */,
				BEA2F88C16A0E978005E7CC4 /* knob.png in Resources */,
				BEA2F88D16A0E978005E7CC4 /* nav-bar.png in Resources */,
				BEA2F88E16A0E978005E7CC4 /* scrubber-active.png in Resources */,
				BEA2F88F16A0E978005E7CC4 /* scrubber.png in Resources */,
				BEA2F89416A0FD3A005E7CC4 /* FontAwesome.ttf in Resources */,
				BEA2F89716A0FDB4005E7CC4 /* PT_Sans-Web-Bold.ttf in Resources */,
				BEA2F89816A0FDB4005E7CC4 /* PT_Sans-Web-Regular.ttf in Resources */,
				BEA2F8B016A1E79C005E7CC4 /* nav-bar-shadow@2x.png in Resources */,
				BEA2F8B216A1E929005E7CC4 /* nav-bar-shadow.png in Resources */,
				BEA2F8BE16A22A43005E7CC4 /* icon-play-small@2x.png in Resources */,
				BEA2F8BF16A22A43005E7CC4 /* icon-pause-small@2x.png in Resources */,
				BEA2F8C016A22A43005E7CC4 /* icon-shuffle@2x.png in Resources */,
				BEA2F8C116A22A43005E7CC4 /* icon-plus@2x.png in Resources */,
				BEA2F8C216A22A43005E7CC4 /* icon-previous@2x.png in Resources */,
				BEA2F8C316A22A43005E7CC4 /* icon-next@2x.png in Resources */,
				BEA2F8C416A22A43005E7CC4 /* icon-pause@2x.png in Resources */,
				BEA2F8C516A22A43005E7CC4 /* icon-play@2x.png in Resources */,
				BEA2F8CE16A22A7E005E7CC4 /* icon-next.png in Resources */,
				BEA2F8CF16A22A7E005E7CC4 /* icon-pause-small.png in Resources */,
				BEA2F8D016A22A7E005E7CC4 /* icon-pause.png in Resources */,
				BEA2F8D116A22A7E005E7CC4 /* icon-play-small.png in Resources */,
				BEA2F8D216A22A7E005E7CC4 /* icon-play.png in Resources */,
				BEA2F8D316A22A7E005E7CC4 /* icon-plus.png in Resources */,
				BEA2F8D416A22A7E005E7CC4 /* icon-previous.png in Resources */,
				BEA2F8D516A22A7E005E7CC4 /* icon-shuffle.png in Resources */,
				BEF8461116A5225000C659DB /* Icon.png in Resources */,
				BEF8461416A5225400C659DB /* Icon@2x.png in Resources */,
			);
			runOnlyForDeploymentPostprocessing = 0;
		};
/* End PBXResourcesBuildPhase section */

/* Begin PBXShellScriptBuildPhase section */
		BE24377116A07ABE001B214E /* ShellScript */ = {
			isa = PBXShellScriptBuildPhase;
			buildActionMask = 2147483647;
			files = (
			);
			inputPaths = (
			);
			outputPaths = (
			);
			runOnlyForDeploymentPostprocessing = 0;
			shellPath = /bin/sh;
			shellScript = "./Crashlytics.framework/run e3e642bcbe351153ef65205ec65c9f9cc69d86f2";
		};
/* End PBXShellScriptBuildPhase section */

/* Begin PBXSourcesBuildPhase section */
		BEF8F59E169512FC002F241E /* Sources */ = {
			isa = PBXSourcesBuildPhase;
			buildActionMask = 2147483647;
			files = (
				BEF8F5B3169512FC002F241E /* main.m in Sources */,
				BEF8F5B7169512FC002F241E /* AppDelegate.m in Sources */,
				BE0BD637169BC7CE0023BBBD /* NowPlayingViewController.m in Sources */,
				BE0BD63C169BD4640023BBBD /* APIQuery.m in Sources */,
				BE0BD647169E6CB60023BBBD /* EchonestQuery.m in Sources */,
				BE0BD64A169E6CC90023BBBD /* YouTubeQuery.m in Sources */,
				BE0BD64D169E6CDF0023BBBD /* RedditQuery.m in Sources */,
				BE0BD650169E6CEB0023BBBD /* GenreQuery.m in Sources */,
				BE53DED4169F905300D17B02 /* NowPlayingCell.m in Sources */,
				BE53DEDF169FB21D00D17B02 /* LBYouTubeExtractor.m in Sources */,
				BE53DEE6169FC4C300D17B02 /* NSArray+Shuffle.m in Sources */,
				BE53DEE9169FC60800D17B02 /* MainViewController.m in Sources */,
				BE53DF25169FE8A800D17B02 /* NavigationController.m in Sources */,
				BEA2F86816A0AB6C005E7CC4 /* NSDictionary+objectForKeyList.m in Sources */,
				BEA2F86C16A0BBD1005E7CC4 /* PlaylistManager.m in Sources */,
				BEA2F89216A0FD14005E7CC4 /* NSString+FontAwesome.m in Sources */,
				BEA2F89C16A0FEEF005E7CC4 /* UIFont+Additions.m in Sources */,
				BEA2F8AC16A1E45C005E7CC4 /* GTMNSString+HTML.m in Sources */,
				BEA2F8AD16A1E45C005E7CC4 /* NSString+HTML.m in Sources */,
				BEA2F8AE16A1E45C005E7CC4 /* NSString+XMLEntities.m in Sources */,
				BEA2F8B516A1EAC5005E7CC4 /* MovieControlView.m in Sources */,
				BEA2F8F016A325FA005E7CC4 /* Slider.m in Sources */,
				BE50BA8016A376FF00672442 /* AVView.m in Sources */,
			);
			runOnlyForDeploymentPostprocessing = 0;
		};
/* End PBXSourcesBuildPhase section */

/* Begin PBXVariantGroup section */
		BEF8F5AF169512FC002F241E /* InfoPlist.strings */ = {
			isa = PBXVariantGroup;
			children = (
				BEF8F5B0169512FC002F241E /* en */,
			);
			name = InfoPlist.strings;
			sourceTree = "<group>";
		};
/* End PBXVariantGroup section */

/* Begin XCBuildConfiguration section */
		BEF8F5BE169512FC002F241E /* Debug */ = {
			isa = XCBuildConfiguration;
			buildSettings = {
				ALWAYS_SEARCH_USER_PATHS = NO;
				CLANG_CXX_LANGUAGE_STANDARD = "gnu++0x";
				CLANG_CXX_LIBRARY = "libc++";
				CLANG_ENABLE_OBJC_ARC = YES;
				CLANG_WARN_EMPTY_BODY = YES;
				CLANG_WARN__DUPLICATE_METHOD_MATCH = YES;
				"CODE_SIGN_IDENTITY[sdk=iphoneos*]" = "iPhone Developer";
				COPY_PHASE_STRIP = NO;
				GCC_C_LANGUAGE_STANDARD = gnu99;
				GCC_DYNAMIC_NO_PIC = NO;
				GCC_OPTIMIZATION_LEVEL = 0;
				GCC_PREPROCESSOR_DEFINITIONS = (
					"DEBUG=1",
					"$(inherited)",
				);
				GCC_SYMBOLS_PRIVATE_EXTERN = NO;
				GCC_WARN_ABOUT_RETURN_TYPE = YES;
				GCC_WARN_UNINITIALIZED_AUTOS = YES;
				GCC_WARN_UNUSED_VARIABLE = YES;
				IPHONEOS_DEPLOYMENT_TARGET = 6.0;
				ONLY_ACTIVE_ARCH = YES;
				SDKROOT = iphoneos;
				TARGETED_DEVICE_FAMILY = "1,2";
			};
			name = Debug;
		};
		BEF8F5BF169512FC002F241E /* Release */ = {
			isa = XCBuildConfiguration;
			buildSettings = {
				ALWAYS_SEARCH_USER_PATHS = NO;
				CLANG_CXX_LANGUAGE_STANDARD = "gnu++0x";
				CLANG_CXX_LIBRARY = "libc++";
				CLANG_ENABLE_OBJC_ARC = YES;
				CLANG_WARN_EMPTY_BODY = YES;
				CLANG_WARN__DUPLICATE_METHOD_MATCH = YES;
				"CODE_SIGN_IDENTITY[sdk=iphoneos*]" = "iPhone Developer";
				COPY_PHASE_STRIP = YES;
				GCC_C_LANGUAGE_STANDARD = gnu99;
				GCC_WARN_ABOUT_RETURN_TYPE = YES;
				GCC_WARN_UNINITIALIZED_AUTOS = YES;
				GCC_WARN_UNUSED_VARIABLE = YES;
				IPHONEOS_DEPLOYMENT_TARGET = 6.0;
				OTHER_CFLAGS = "-DNS_BLOCK_ASSERTIONS=1";
				SDKROOT = iphoneos;
				TARGETED_DEVICE_FAMILY = "1,2";
				VALIDATE_PRODUCT = YES;
			};
			name = Release;
		};
		BEF8F5C1169512FC002F241E /* Debug */ = {
			isa = XCBuildConfiguration;
			buildSettings = {
				FRAMEWORK_SEARCH_PATHS = (
					"$(inherited)",
					"\"$(SRCROOT)\"",
				);
				GCC_PRECOMPILE_PREFIX_HEADER = YES;
				GCC_PREFIX_HEADER = "Tubalr/Tubalr-Prefix.pch";
				INFOPLIST_FILE = "Tubalr/Tubalr-Info.plist";
				LIBRARY_SEARCH_PATHS = (
					"$(inherited)",
					"\"$(SRCROOT)/Tubalr\"",
				);
				PRODUCT_NAME = "$(TARGET_NAME)";
				WRAPPER_EXTENSION = app;
			};
			name = Debug;
		};
		BEF8F5C2169512FC002F241E /* Release */ = {
			isa = XCBuildConfiguration;
			buildSettings = {
				"CODE_SIGN_IDENTITY[sdk=iphoneos*]" = "iPhone Distribution: Cody Stewart";
				FRAMEWORK_SEARCH_PATHS = (
					"$(inherited)",
					"\"$(SRCROOT)\"",
				);
				GCC_PRECOMPILE_PREFIX_HEADER = YES;
				GCC_PREFIX_HEADER = "Tubalr/Tubalr-Prefix.pch";
				INFOPLIST_FILE = "Tubalr/Tubalr-Info.plist";
				LIBRARY_SEARCH_PATHS = (
					"$(inherited)",
					"\"$(SRCROOT)/Tubalr\"",
				);
				PRODUCT_NAME = "$(TARGET_NAME)";
				"PROVISIONING_PROFILE[sdk=iphoneos*]" = "64961B67-99F1-4C5B-9B77-8A6E6D974458";
				WRAPPER_EXTENSION = app;
			};
			name = Release;
		};
/* End XCBuildConfiguration section */

/* Begin XCConfigurationList section */
		BEF8F59C169512FC002F241E /* Build configuration list for PBXProject "Tubalr" */ = {
			isa = XCConfigurationList;
			buildConfigurations = (
				BEF8F5BE169512FC002F241E /* Debug */,
				BEF8F5BF169512FC002F241E /* Release */,
			);
			defaultConfigurationIsVisible = 0;
			defaultConfigurationName = Release;
		};
		BEF8F5C0169512FC002F241E /* Build configuration list for PBXNativeTarget "Tubalr" */ = {
			isa = XCConfigurationList;
			buildConfigurations = (
				BEF8F5C1169512FC002F241E /* Debug */,
				BEF8F5C2169512FC002F241E /* Release */,
			);
			defaultConfigurationIsVisible = 0;
			defaultConfigurationName = Release;
		};
/* End XCConfigurationList section */
	};
	rootObject = BEF8F599169512FC002F241E /* Project object */;
}
